
Microsoft Visual Studio Solution File, Format Version 12.00
# Visual Studio 15
VisualStudioVersion = 15.0.27004.2009
MinimumVisualStudioVersion = 10.0.40219.1
Project("{FAE04EC0-301F-11D3-BF4B-00C04F79EFBC}") = "BankAccountCli", "BankAccountCli\BankAccountCli.csproj", "{C615C6D9-BFAA-40A4-9D08-4F785323F3E5}"
EndProject
Project("{FAE04EC0-301F-11D3-BF4B-00C04F79EFBC}") = "BankAccountCli.UnitTest", "BankAccountCli.UnitTest\BankAccountCli.UnitTest.csproj", "{CE2939B7-431B-4AEA-87F2-470B493220E2}"
EndProject
Global
	GlobalSection(SolutionConfigurationPlatforms) = preSolution
		Debug|Any CPU = Debug|Any CPU
		Release|Any CPU = Release|Any CPU
	EndGlobalSection
	GlobalSection(ProjectConfigurationPlatforms) = postSolution
		{C615C6D9-BFAA-40A4-9D08-4F785323F3E5}.Debug|Any CPU.ActiveCfg = Debug|Any CPU
		{C615C6D9-BFAA-40A4-9D08-4F785323F3E5}.Debug|Any CPU.Build.0 = Debug|Any CPU
		{C615C6D9-BFAA-40A4-9D08-4F785323F3E5}.Release|Any CPU.ActiveCfg = Release|Any CPU
		{C615C6D9-BFAA-40A4-9D08-4F785323F3E5}.Release|Any CPU.Build.0 = Release|Any CPU
		{CE2939B7-431B-4AEA-87F2-470B493220E2}.Debug|Any CPU.ActiveCfg = Debug|Any CPU
		{CE2939B7-431B-4AEA-87F2-470B493220E2}.Debug|Any CPU.Build.0 = Debug|Any CPU
		{CE2939B7-431B-4AEA-87F2-470B493220E2}.Release|Any CPU.ActiveCfg = Release|Any CPU
		{CE2939B7-431B-4AEA-87F2-470B493220E2}.Release|Any CPU.Build.0 = Release|Any CPU
	EndGlobalSection
	GlobalSection(SolutionProperties) = preSolution
		HideSolutionNode = FALSE
	EndGlobalSection
	GlobalSection(ExtensibilityGlobals) = postSolution
		SolutionGuid = {7E431878-77DC-4D21-886C-F68714C758E9}
	EndGlobalSection
EndGlobal
