
Microsoft Visual Studio Solution File, Format Version 12.00
# Visual Studio 14
VisualStudioVersion = 14.0.24720.0
MinimumVisualStudioVersion = 10.0.40219.1
Project("{FAE04EC0-301F-11D3-BF4B-00C04F79EFBC}") = "BankAccount", "BankAccount.csproj", "{3AC7CCC0-0623-4DEE-AC56-75B8AD1BC462}"
EndProject
Project("{FAE04EC0-301F-11D3-BF4B-00C04F79EFBC}") = "BankAccount.UnitTest", "..\BankAccount.UnitTest\BankAccount.UnitTest.csproj", "{5AB625A2-2183-43A1-AAA1-0DF4D84F7847}"
EndProject
Global
	GlobalSection(SolutionConfigurationPlatforms) = preSolution
		Debug|Any CPU = Debug|Any CPU
		Release|Any CPU = Release|Any CPU
	EndGlobalSection
	GlobalSection(ProjectConfigurationPlatforms) = postSolution
		{3AC7CCC0-0623-4DEE-AC56-75B8AD1BC462}.Debug|Any CPU.ActiveCfg = Debug|Any CPU
		{3AC7CCC0-0623-4DEE-AC56-75B8AD1BC462}.Debug|Any CPU.Build.0 = Debug|Any CPU
		{3AC7CCC0-0623-4DEE-AC56-75B8AD1BC462}.Release|Any CPU.ActiveCfg = Release|Any CPU
		{3AC7CCC0-0623-4DEE-AC56-75B8AD1BC462}.Release|Any CPU.Build.0 = Release|Any CPU
		{5AB625A2-2183-43A1-AAA1-0DF4D84F7847}.Debug|Any CPU.ActiveCfg = Debug|Any CPU
		{5AB625A2-2183-43A1-AAA1-0DF4D84F7847}.Debug|Any CPU.Build.0 = Debug|Any CPU
		{5AB625A2-2183-43A1-AAA1-0DF4D84F7847}.Release|Any CPU.ActiveCfg = Release|Any CPU
		{5AB625A2-2183-43A1-AAA1-0DF4D84F7847}.Release|Any CPU.Build.0 = Release|Any CPU
	EndGlobalSection
	GlobalSection(SolutionProperties) = preSolution
		HideSolutionNode = FALSE
	EndGlobalSection
EndGlobal
